
Microsoft Visual Studio Solution File, Format Version 12.00
Project("{FAE04EC0-301F-11D3-BF4B-00C04F79EFBC}") = "worldCup_Linq", "worldCup_Linq\worldCup_Linq.csproj", "{58F2C3A1-69AA-4DC9-885E-AEE4AEE6309E}"
EndProject
Global
	GlobalSection(SolutionConfigurationPlatforms) = preSolution
		Debug|Any CPU = Debug|Any CPU
		Release|Any CPU = Release|Any CPU
	EndGlobalSection
	GlobalSection(ProjectConfigurationPlatforms) = postSolution
		{58F2C3A1-69AA-4DC9-885E-AEE4AEE6309E}.Debug|Any CPU.ActiveCfg = Debug|Any CPU
		{58F2C3A1-69AA-4DC9-885E-AEE4AEE6309E}.Debug|Any CPU.Build.0 = Debug|Any CPU
		{58F2C3A1-69AA-4DC9-885E-AEE4AEE6309E}.Release|Any CPU.ActiveCfg = Release|Any CPU
		{58F2C3A1-69AA-4DC9-885E-AEE4AEE6309E}.Release|Any CPU.Build.0 = Release|Any CPU
	EndGlobalSection
EndGlobal
